{
  "name": "dotnet",
  "lockfileVersion": 2,
  "requires": true,
  "packages": {
    "node_modules/@babel/runtime": {
      "version": "7.18.3",
      "resolved": "https://registry.npmjs.org/@babel/runtime/-/runtime-7.18.3.tgz",
      "integrity": "sha512-38Y8f7YUhce/K7RMwTp7m0uCumpv9hZkitCbBClqQIow1qSbCvGkcegKOXpEWCQLfWmevgRiWokZ1GkpfhbZug==",
      "peer": true,
      "dependencies": {
        "regenerator-runtime": "^0.13.4"
      },
      "engines": {
        "node": ">=6.9.0"
      }
    },
    "node_modules/@microsoft/applicationinsights-analytics-js": {
      "version": "2.8.4",
      "resolved": "https://registry.npmjs.org/@microsoft/applicationinsights-analytics-js/-/applicationinsights-analytics-js-2.8.4.tgz",
      "integrity": "sha512-n/FPs8SS6rB8h+u157fiRh0TwUWKctxGNvr4M+LKeSdgDvf9c759gUeMR7r8xF6kBBfgkbmyaVORjsA1WJsU4g==",
      "dependencies": {
        "@microsoft/applicationinsights-common": "2.8.4",
        "@microsoft/applicationinsights-core-js": "2.8.4",
        "@microsoft/applicationinsights-shims": "2.0.1",
        "@microsoft/dynamicproto-js": "^1.1.6"
      },
      "peerDependencies": {
        "tslib": "*"
      }
    },
    "node_modules/@microsoft/applicationinsights-channel-js": {
      "version": "2.8.4",
      "resolved": "https://registry.npmjs.org/@microsoft/applicationinsights-channel-js/-/applicationinsights-channel-js-2.8.4.tgz",
      "integrity": "sha512-aml49Jya8LxX4tvyBbIvcxSo7UGI0k3HeiJQRFLeO+QlA+Ocsl10PqphU/OYJ4hh/P5/2QhEAq5bBM/b9/PNrg==",
      "dependencies": {
        "@microsoft/applicationinsights-common": "2.8.4",
        "@microsoft/applicationinsights-core-js": "2.8.4",
        "@microsoft/applicationinsights-shims": "2.0.1",
        "@microsoft/dynamicproto-js": "^1.1.6"
      },
      "peerDependencies": {
        "tslib": "*"
      }
    },
    "node_modules/@microsoft/applicationinsights-common": {
      "version": "2.8.4",
      "resolved": "https://registry.npmjs.org/@microsoft/applicationinsights-common/-/applicationinsights-common-2.8.4.tgz",
      "integrity": "sha512-uDvd4zxNGNYFE0TF4h7tAg+eMIPatyd1QdkP8fA4UYwshF4/+UwS1wegjXLEWQRRH87+UAyvx4IKQjobzzEX0A==",
      "dependencies": {
        "@microsoft/applicationinsights-core-js": "2.8.4",
        "@microsoft/applicationinsights-shims": "2.0.1",
        "@microsoft/dynamicproto-js": "^1.1.6"
      },
      "peerDependencies": {
        "tslib": "*"
      }
    },
    "node_modules/@microsoft/applicationinsights-core-js": {
      "version": "2.8.4",
      "resolved": "https://registry.npmjs.org/@microsoft/applicationinsights-core-js/-/applicationinsights-core-js-2.8.4.tgz",
      "integrity": "sha512-FoA0FNOsFbJnLyTyQlYs6+HR7HMEa6nAOE6WOm9WVejBHMHQ/Bdb+hfVFi6slxwCimr/ner90jchi4/sIYdnyQ==",
      "dependencies": {
        "@microsoft/applicationinsights-shims": "2.0.1",
        "@microsoft/dynamicproto-js": "^1.1.6"
      },
      "peerDependencies": {
        "tslib": "*"
      }
    },
    "node_modules/@microsoft/applicationinsights-dependencies-js": {
      "version": "2.8.4",
      "resolved": "https://registry.npmjs.org/@microsoft/applicationinsights-dependencies-js/-/applicationinsights-dependencies-js-2.8.4.tgz",
      "integrity": "sha512-dr11EBFBR+vmtTipubZv9KSWRXLk6XdutkEgilgzXdSFun0dqR+ZSHEmMWyqE8ZsJtW+1HzdKuGtODSQY6uHyw==",
      "dependencies": {
        "@microsoft/applicationinsights-common": "2.8.4",
        "@microsoft/applicationinsights-core-js": "2.8.4",
        "@microsoft/applicationinsights-shims": "2.0.1",
        "@microsoft/dynamicproto-js": "^1.1.6"
      },
      "peerDependencies": {
        "tslib": "*"
      }
    },
    "node_modules/@microsoft/applicationinsights-properties-js": {
      "version": "2.8.4",
      "resolved": "https://registry.npmjs.org/@microsoft/applicationinsights-properties-js/-/applicationinsights-properties-js-2.8.4.tgz",
      "integrity": "sha512-UI0afK5e8yUJ1qIdy+7FA/G9TB+st0++trx4bUMa+Hb6gJggdQPq94lBFJL0yzo4QsgQwozVwkInXy4534tTYQ==",
      "dependencies": {
        "@microsoft/applicationinsights-common": "2.8.4",
        "@microsoft/applicationinsights-core-js": "2.8.4",
        "@microsoft/applicationinsights-shims": "2.0.1",
        "@microsoft/dynamicproto-js": "^1.1.6"
      },
      "peerDependencies": {
        "tslib": "*"
      }
    },
    "node_modules/@microsoft/applicationinsights-react-js": {
      "version": "3.3.4",
      "resolved": "https://registry.npmjs.org/@microsoft/applicationinsights-react-js/-/applicationinsights-react-js-3.3.4.tgz",
      "integrity": "sha512-/SZZBVdIpuKHf6DcWNzGEMtKEY5IUyhxuMq7nZozkF9DhzV/9Mhal6xZbjcPnU8L6+xmouvvQxZsLR1n7PQsCA==",
      "dependencies": {
        "@microsoft/applicationinsights-common": "2.8.4",
        "@microsoft/applicationinsights-core-js": "2.8.4",
        "@microsoft/applicationinsights-shims": "2.0.1",
        "@microsoft/dynamicproto-js": "^1.1.6"
      },
      "peerDependencies": {
        "history": ">= 4.10.1",
        "react": "^17.0.1",
        "tslib": "*"
      }
    },
    "node_modules/@microsoft/applicationinsights-shims": {
      "version": "2.0.1",
      "resolved": "https://registry.npmjs.org/@microsoft/applicationinsights-shims/-/applicationinsights-shims-2.0.1.tgz",
      "integrity": "sha512-G0MXf6R6HndRbDy9BbEj0zrLeuhwt2nsXk2zKtF0TnYo39KgYqhYC2ayIzKPTm2KAE+xzD7rgyLdZnrcRvt9WQ=="
    },
    "node_modules/@microsoft/applicationinsights-web": {
      "version": "2.8.4",
      "resolved": "https://registry.npmjs.org/@microsoft/applicationinsights-web/-/applicationinsights-web-2.8.4.tgz",
      "integrity": "sha512-3CtZiM6e5Q0AA+1NE4k8A0+Y0FE1jsK4u0sb4AkvV7b4cwb86I9l7F7fQPU+V/ltkni0g2WtDrMNU93RuxSmNw==",
      "dependencies": {
        "@microsoft/applicationinsights-analytics-js": "2.8.4",
        "@microsoft/applicationinsights-channel-js": "2.8.4",
        "@microsoft/applicationinsights-common": "2.8.4",
        "@microsoft/applicationinsights-core-js": "2.8.4",
        "@microsoft/applicationinsights-dependencies-js": "2.8.4",
        "@microsoft/applicationinsights-properties-js": "2.8.4",
        "@microsoft/applicationinsights-shims": "2.0.1",
        "@microsoft/dynamicproto-js": "^1.1.6"
      },
      "peerDependencies": {
        "tslib": "*"
      }
    },
    "node_modules/@microsoft/dynamicproto-js": {
      "version": "1.1.6",
      "resolved": "https://registry.npmjs.org/@microsoft/dynamicproto-js/-/dynamicproto-js-1.1.6.tgz",
      "integrity": "sha512-D1Oivw1A4bIXhzBIy3/BBPn3p2On+kpO2NiYt9shICDK7L/w+cR6FFBUsBZ05l6iqzTeL+Jm8lAYn0g6G7DmDg=="
    },
    "node_modules/history": {
      "version": "5.3.0",
      "resolved": "https://registry.npmjs.org/history/-/history-5.3.0.tgz",
      "integrity": "sha512-ZqaKwjjrAYUYfLG+htGaIIZ4nioX2L70ZUMIFysS3xvBsSG4x/n1V6TXV3N8ZYNuFGlDirFg32T7B6WOUPDYcQ==",
      "peer": true,
      "dependencies": {
        "@babel/runtime": "^7.7.6"
      }
    },
    "node_modules/js-tokens": {
      "version": "4.0.0",
      "resolved": "https://registry.npmjs.org/js-tokens/-/js-tokens-4.0.0.tgz",
      "integrity": "sha512-RdJUflcE3cUzKiMqQgsCu06FPu9UdIJO0beYbPhHN4k6apgJtifcoCtT9bcxOpYBtpD2kCM6Sbzg4CausW/PKQ==",
      "peer": true
    },
    "node_modules/loose-envify": {
      "version": "1.4.0",
      "resolved": "https://registry.npmjs.org/loose-envify/-/loose-envify-1.4.0.tgz",
      "integrity": "sha512-lyuxPGr/Wfhrlem2CL/UcnUc1zcqKAImBDzukY7Y5F/yQiNdko6+fRLevlw1HgMySw7f611UIY408EtxRSoK3Q==",
      "peer": true,
      "dependencies": {
        "js-tokens": "^3.0.0 || ^4.0.0"
      },
      "bin": {
        "loose-envify": "cli.js"
      }
    },
    "node_modules/object-assign": {
      "version": "4.1.1",
      "resolved": "https://registry.npmjs.org/object-assign/-/object-assign-4.1.1.tgz",
      "integrity": "sha512-rJgTQnkUnH1sFw8yT6VSU3zD3sWmu6sZhIseY8VX+GRu3P6F7Fu+JNDoXfklElbLJSnc3FUQHVe4cU5hj+BcUg==",
      "peer": true,
      "engines": {
        "node": ">=0.10.0"
      }
    },
    "node_modules/react": {
      "version": "17.0.2",
      "resolved": "https://registry.npmjs.org/react/-/react-17.0.2.tgz",
      "integrity": "sha512-gnhPt75i/dq/z3/6q/0asP78D0u592D5L1pd7M8P+dck6Fu/jJeL6iVVK23fptSUZj8Vjf++7wXA8UNclGQcbA==",
      "peer": true,
      "dependencies": {
        "loose-envify": "^1.1.0",
        "object-assign": "^4.1.1"
      },
      "engines": {
        "node": ">=0.10.0"
      }
    },
    "node_modules/regenerator-runtime": {
      "version": "0.13.9",
      "resolved": "https://registry.npmjs.org/regenerator-runtime/-/regenerator-runtime-0.13.9.tgz",
      "integrity": "sha512-p3VT+cOEgxFsRRA9X4lkI1E+k2/CtnKtU4gcxyaCUreilL/vqI6CdZ3wxVUx3UOUg+gnUOQQcRI7BmSI656MYA==",
      "peer": true
    },
    "node_modules/tslib": {
      "version": "2.4.0",
      "resolved": "https://registry.npmjs.org/tslib/-/tslib-2.4.0.tgz",
      "integrity": "sha512-d6xOpEDfsi2CZVlPQzGeux8XMwLT9hssAsaPYExaQMuYskwb+x1x7J371tWlbBdWHroy99KnVB6qIkUbs5X3UQ==",
      "peer": true
    }
  },
  "dependencies": {
    "@babel/runtime": {
      "version": "7.18.3",
      "resolved": "https://registry.npmjs.org/@babel/runtime/-/runtime-7.18.3.tgz",
      "integrity": "sha512-38Y8f7YUhce/K7RMwTp7m0uCumpv9hZkitCbBClqQIow1qSbCvGkcegKOXpEWCQLfWmevgRiWokZ1GkpfhbZug==",
      "peer": true,
      "requires": {
        "regenerator-runtime": "^0.13.4"
      }
    },
    "@microsoft/applicationinsights-analytics-js": {
      "version": "2.8.4",
      "resolved": "https://registry.npmjs.org/@microsoft/applicationinsights-analytics-js/-/applicationinsights-analytics-js-2.8.4.tgz",
      "integrity": "sha512-n/FPs8SS6rB8h+u157fiRh0TwUWKctxGNvr4M+LKeSdgDvf9c759gUeMR7r8xF6kBBfgkbmyaVORjsA1WJsU4g==",
      "requires": {
        "@microsoft/applicationinsights-common": "2.8.4",
        "@microsoft/applicationinsights-core-js": "2.8.4",
        "@microsoft/applicationinsights-shims": "2.0.1",
        "@microsoft/dynamicproto-js": "^1.1.6"
      }
    },
    "@microsoft/applicationinsights-channel-js": {
      "version": "2.8.4",
      "resolved": "https://registry.npmjs.org/@microsoft/applicationinsights-channel-js/-/applicationinsights-channel-js-2.8.4.tgz",
      "integrity": "sha512-aml49Jya8LxX4tvyBbIvcxSo7UGI0k3HeiJQRFLeO+QlA+Ocsl10PqphU/OYJ4hh/P5/2QhEAq5bBM/b9/PNrg==",
      "requires": {
        "@microsoft/applicationinsights-common": "2.8.4",
        "@microsoft/applicationinsights-core-js": "2.8.4",
        "@microsoft/applicationinsights-shims": "2.0.1",
        "@microsoft/dynamicproto-js": "^1.1.6"
      }
    },
    "@microsoft/applicationinsights-common": {
      "version": "2.8.4",
      "resolved": "https://registry.npmjs.org/@microsoft/applicationinsights-common/-/applicationinsights-common-2.8.4.tgz",
      "integrity": "sha512-uDvd4zxNGNYFE0TF4h7tAg+eMIPatyd1QdkP8fA4UYwshF4/+UwS1wegjXLEWQRRH87+UAyvx4IKQjobzzEX0A==",
      "requires": {
        "@microsoft/applicationinsights-core-js": "2.8.4",
        "@microsoft/applicationinsights-shims": "2.0.1",
        "@microsoft/dynamicproto-js": "^1.1.6"
      }
    },
    "@microsoft/applicationinsights-core-js": {
      "version": "2.8.4",
      "resolved": "https://registry.npmjs.org/@microsoft/applicationinsights-core-js/-/applicationinsights-core-js-2.8.4.tgz",
      "integrity": "sha512-FoA0FNOsFbJnLyTyQlYs6+HR7HMEa6nAOE6WOm9WVejBHMHQ/Bdb+hfVFi6slxwCimr/ner90jchi4/sIYdnyQ==",
      "requires": {
        "@microsoft/applicationinsights-shims": "2.0.1",
        "@microsoft/dynamicproto-js": "^1.1.6"
      }
    },
    "@microsoft/applicationinsights-dependencies-js": {
      "version": "2.8.4",
      "resolved": "https://registry.npmjs.org/@microsoft/applicationinsights-dependencies-js/-/applicationinsights-dependencies-js-2.8.4.tgz",
      "integrity": "sha512-dr11EBFBR+vmtTipubZv9KSWRXLk6XdutkEgilgzXdSFun0dqR+ZSHEmMWyqE8ZsJtW+1HzdKuGtODSQY6uHyw==",
      "requires": {
        "@microsoft/applicationinsights-common": "2.8.4",
        "@microsoft/applicationinsights-core-js": "2.8.4",
        "@microsoft/applicationinsights-shims": "2.0.1",
        "@microsoft/dynamicproto-js": "^1.1.6"
      }
    },
    "@microsoft/applicationinsights-properties-js": {
      "version": "2.8.4",
      "resolved": "https://registry.npmjs.org/@microsoft/applicationinsights-properties-js/-/applicationinsights-properties-js-2.8.4.tgz",
      "integrity": "sha512-UI0afK5e8yUJ1qIdy+7FA/G9TB+st0++trx4bUMa+Hb6gJggdQPq94lBFJL0yzo4QsgQwozVwkInXy4534tTYQ==",
      "requires": {
        "@microsoft/applicationinsights-common": "2.8.4",
        "@microsoft/applicationinsights-core-js": "2.8.4",
        "@microsoft/applicationinsights-shims": "2.0.1",
        "@microsoft/dynamicproto-js": "^1.1.6"
      }
    },
    "@microsoft/applicationinsights-react-js": {
      "version": "https://registry.npmjs.org/@microsoft/applicationinsights-react-js/-/applicationinsights-react-js-3.3.4.tgz",
      "integrity": "sha512-/SZZBVdIpuKHf6DcWNzGEMtKEY5IUyhxuMq7nZozkF9DhzV/9Mhal6xZbjcPnU8L6+xmouvvQxZsLR1n7PQsCA==",
      "requires": {
        "@microsoft/applicationinsights-common": "2.8.4",
        "@microsoft/applicationinsights-core-js": "2.8.4",
        "@microsoft/applicationinsights-shims": "2.0.1",
        "@microsoft/dynamicproto-js": "^1.1.6"
      }
    },
    "@microsoft/applicationinsights-shims": {
      "version": "2.0.1",
      "resolved": "https://registry.npmjs.org/@microsoft/applicationinsights-shims/-/applicationinsights-shims-2.0.1.tgz",
      "integrity": "sha512-G0MXf6R6HndRbDy9BbEj0zrLeuhwt2nsXk2zKtF0TnYo39KgYqhYC2ayIzKPTm2KAE+xzD7rgyLdZnrcRvt9WQ=="
    },
    "@microsoft/applicationinsights-web": {
      "version": "https://registry.npmjs.org/@microsoft/applicationinsights-web/-/applicationinsights-web-2.8.4.tgz",
      "integrity": "sha512-3CtZiM6e5Q0AA+1NE4k8A0+Y0FE1jsK4u0sb4AkvV7b4cwb86I9l7F7fQPU+V/ltkni0g2WtDrMNU93RuxSmNw==",
      "requires": {
        "@microsoft/applicationinsights-analytics-js": "2.8.4",
        "@microsoft/applicationinsights-channel-js": "2.8.4",
        "@microsoft/applicationinsights-common": "2.8.4",
        "@microsoft/applicationinsights-core-js": "2.8.4",
        "@microsoft/applicationinsights-dependencies-js": "2.8.4",
        "@microsoft/applicationinsights-properties-js": "2.8.4",
        "@microsoft/applicationinsights-shims": "2.0.1",
        "@microsoft/dynamicproto-js": "^1.1.6"
      }
    },
    "@microsoft/dynamicproto-js": {
      "version": "1.1.6",
      "resolved": "https://registry.npmjs.org/@microsoft/dynamicproto-js/-/dynamicproto-js-1.1.6.tgz",
      "integrity": "sha512-D1Oivw1A4bIXhzBIy3/BBPn3p2On+kpO2NiYt9shICDK7L/w+cR6FFBUsBZ05l6iqzTeL+Jm8lAYn0g6G7DmDg=="
    },
    "history": {
      "version": "5.3.0",
      "resolved": "https://registry.npmjs.org/history/-/history-5.3.0.tgz",
      "integrity": "sha512-ZqaKwjjrAYUYfLG+htGaIIZ4nioX2L70ZUMIFysS3xvBsSG4x/n1V6TXV3N8ZYNuFGlDirFg32T7B6WOUPDYcQ==",
      "peer": true,
      "requires": {
        "@babel/runtime": "^7.7.6"
      }
    },
    "js-tokens": {
      "version": "4.0.0",
      "resolved": "https://registry.npmjs.org/js-tokens/-/js-tokens-4.0.0.tgz",
      "integrity": "sha512-RdJUflcE3cUzKiMqQgsCu06FPu9UdIJO0beYbPhHN4k6apgJtifcoCtT9bcxOpYBtpD2kCM6Sbzg4CausW/PKQ==",
      "peer": true
    },
    "loose-envify": {
      "version": "1.4.0",
      "resolved": "https://registry.npmjs.org/loose-envify/-/loose-envify-1.4.0.tgz",
      "integrity": "sha512-lyuxPGr/Wfhrlem2CL/UcnUc1zcqKAImBDzukY7Y5F/yQiNdko6+fRLevlw1HgMySw7f611UIY408EtxRSoK3Q==",
      "peer": true,
      "requires": {
        "js-tokens": "^3.0.0 || ^4.0.0"
      }
    },
    "object-assign": {
      "version": "4.1.1",
      "resolved": "https://registry.npmjs.org/object-assign/-/object-assign-4.1.1.tgz",
      "integrity": "sha512-rJgTQnkUnH1sFw8yT6VSU3zD3sWmu6sZhIseY8VX+GRu3P6F7Fu+JNDoXfklElbLJSnc3FUQHVe4cU5hj+BcUg==",
      "peer": true
    },
    "react": {
      "version": "17.0.2",
      "resolved": "https://registry.npmjs.org/react/-/react-17.0.2.tgz",
      "integrity": "sha512-gnhPt75i/dq/z3/6q/0asP78D0u592D5L1pd7M8P+dck6Fu/jJeL6iVVK23fptSUZj8Vjf++7wXA8UNclGQcbA==",
      "peer": true,
      "requires": {
        "loose-envify": "^1.1.0",
        "object-assign": "^4.1.1"
      }
    },
    "regenerator-runtime": {
      "version": "0.13.9",
      "resolved": "https://registry.npmjs.org/regenerator-runtime/-/regenerator-runtime-0.13.9.tgz",
      "integrity": "sha512-p3VT+cOEgxFsRRA9X4lkI1E+k2/CtnKtU4gcxyaCUreilL/vqI6CdZ3wxVUx3UOUg+gnUOQQcRI7BmSI656MYA==",
      "peer": true
    },
    "tslib": {
      "version": "2.4.0",
      "resolved": "https://registry.npmjs.org/tslib/-/tslib-2.4.0.tgz",
      "integrity": "sha512-d6xOpEDfsi2CZVlPQzGeux8XMwLT9hssAsaPYExaQMuYskwb+x1x7J371tWlbBdWHroy99KnVB6qIkUbs5X3UQ==",
      "peer": true
    }
  }
}
